{
  "name": "using_libr_node",
  "version": "1.0.0",
  "lockfileVersion": 2,
  "requires": true,
  "packages": {
    "": {
      "name": "using_libr_node",
      "version": "1.0.0",
      "license": "ISC",
      "dependencies": {
        "@gronik4/ajs_libr": "^1.0.0"
      }
    },
    "node_modules/@gronik4/ajs_libr": {
      "version": "1.0.0",
      "resolved": "https://npm.pkg.github.com/download/@gronik4/ajs_libr/1.0.0/afb809b3ff390ddd2476a07422023e6b93e9225d4fb892c308b41466ca069f9b",
      "integrity": "sha512-fF24bZiD+C5Frb+xcukuu76V9bui25Jd8fl+pRbMDZ0sLBgG0JcO3DUjzfxyyIrvDYkv2QsWFTnqn3eo40cd6A==",
      "license": "ISC"
    }
  },
  "dependencies": {
    "@gronik4/ajs_libr": {
      "version": "1.0.0",
      "resolved": "https://npm.pkg.github.com/download/@gronik4/ajs_libr/1.0.0/afb809b3ff390ddd2476a07422023e6b93e9225d4fb892c308b41466ca069f9b",
      "integrity": "sha512-fF24bZiD+C5Frb+xcukuu76V9bui25Jd8fl+pRbMDZ0sLBgG0JcO3DUjzfxyyIrvDYkv2QsWFTnqn3eo40cd6A=="
    }
  }
}
